
Microsoft Visual Studio Solution File, Format Version 12.00
# Visual Studio Version 17
VisualStudioVersion = 17.12.35707.178 d17.12
MinimumVisualStudioVersion = 10.0.40219.1
Project("{FAE04EC0-301F-11D3-BF4B-00C04F79EFBC}") = "Dyreinternat", "Dyreinternat.csproj", "{9F9421AB-613A-4E44-993C-2963F6E93364}"
EndProject
Project("{FAE04EC0-301F-11D3-BF4B-00C04F79EFBC}") = "Domain", "..\Domain\Domain.csproj", "{4BF60A04-F7F3-4EDC-9712-D14A2C1F0477}"
EndProject
Project("{FAE04EC0-301F-11D3-BF4B-00C04F79EFBC}") = "Infrastructure", "..\Infrastructure\Infrastructure.csproj", "{C6941375-FDB5-4330-8FED-55B46376FF99}"
EndProject
Global
	GlobalSection(SolutionConfigurationPlatforms) = preSolution
		Debug|Any CPU = Debug|Any CPU
		Release|Any CPU = Release|Any CPU
	EndGlobalSection
	GlobalSection(ProjectConfigurationPlatforms) = postSolution
		{9F9421AB-613A-4E44-993C-2963F6E93364}.Debug|Any CPU.ActiveCfg = Debug|Any CPU
		{9F9421AB-613A-4E44-993C-2963F6E93364}.Debug|Any CPU.Build.0 = Debug|Any CPU
		{9F9421AB-613A-4E44-993C-2963F6E93364}.Release|Any CPU.ActiveCfg = Release|Any CPU
		{9F9421AB-613A-4E44-993C-2963F6E93364}.Release|Any CPU.Build.0 = Release|Any CPU
		{4BF60A04-F7F3-4EDC-9712-D14A2C1F0477}.Debug|Any CPU.ActiveCfg = Debug|Any CPU
		{4BF60A04-F7F3-4EDC-9712-D14A2C1F0477}.Debug|Any CPU.Build.0 = Debug|Any CPU
		{4BF60A04-F7F3-4EDC-9712-D14A2C1F0477}.Release|Any CPU.ActiveCfg = Release|Any CPU
		{4BF60A04-F7F3-4EDC-9712-D14A2C1F0477}.Release|Any CPU.Build.0 = Release|Any CPU
		{C6941375-FDB5-4330-8FED-55B46376FF99}.Debug|Any CPU.ActiveCfg = Debug|Any CPU
		{C6941375-FDB5-4330-8FED-55B46376FF99}.Debug|Any CPU.Build.0 = Debug|Any CPU
		{C6941375-FDB5-4330-8FED-55B46376FF99}.Release|Any CPU.ActiveCfg = Release|Any CPU
		{C6941375-FDB5-4330-8FED-55B46376FF99}.Release|Any CPU.Build.0 = Release|Any CPU
	EndGlobalSection
	GlobalSection(SolutionProperties) = preSolution
		HideSolutionNode = FALSE
	EndGlobalSection
EndGlobal
